
Microsoft Visual Studio Solution File, Format Version 12.00
# Visual Studio Version 16
VisualStudioVersion = 16.0.29123.88
MinimumVisualStudioVersion = 10.0.40219.1
Project("{FAE04EC0-301F-11D3-BF4B-00C04F79EFBC}") = "PriceSaleComparer.Android", "PriceSaleComparer\PriceSaleComparer.Android\PriceSaleComparer.Android.csproj", "{A068908B-A36E-4327-93E5-E76A47B483C9}"
EndProject
Project("{FAE04EC0-301F-11D3-BF4B-00C04F79EFBC}") = "PriceSaleComparer.iOS", "PriceSaleComparer\PriceSaleComparer.iOS\PriceSaleComparer.iOS.csproj", "{E93F5659-683B-46EF-903E-469EC432FFAA}"
EndProject
Project("{FAE04EC0-301F-11D3-BF4B-00C04F79EFBC}") = "PriceSaleComparer", "PriceSaleComparer\PriceSaleComparer\PriceSaleComparer.csproj", "{D3ED7F7C-08BC-4198-A79B-082F53EE7757}"
EndProject
Global
	GlobalSection(SolutionConfigurationPlatforms) = preSolution
		Debug|Any CPU = Debug|Any CPU
		Debug|iPhone = Debug|iPhone
		Debug|iPhoneSimulator = Debug|iPhoneSimulator
		Release|Any CPU = Release|Any CPU
		Release|iPhone = Release|iPhone
		Release|iPhoneSimulator = Release|iPhoneSimulator
	EndGlobalSection
	GlobalSection(ProjectConfigurationPlatforms) = postSolution
		{A068908B-A36E-4327-93E5-E76A47B483C9}.Debug|Any CPU.ActiveCfg = Debug|Any CPU
		{A068908B-A36E-4327-93E5-E76A47B483C9}.Debug|Any CPU.Build.0 = Debug|Any CPU
		{A068908B-A36E-4327-93E5-E76A47B483C9}.Debug|Any CPU.Deploy.0 = Debug|Any CPU
		{A068908B-A36E-4327-93E5-E76A47B483C9}.Debug|iPhone.ActiveCfg = Debug|Any CPU
		{A068908B-A36E-4327-93E5-E76A47B483C9}.Debug|iPhone.Build.0 = Debug|Any CPU
		{A068908B-A36E-4327-93E5-E76A47B483C9}.Debug|iPhone.Deploy.0 = Debug|Any CPU
		{A068908B-A36E-4327-93E5-E76A47B483C9}.Debug|iPhoneSimulator.ActiveCfg = Debug|Any CPU
		{A068908B-A36E-4327-93E5-E76A47B483C9}.Debug|iPhoneSimulator.Build.0 = Debug|Any CPU
		{A068908B-A36E-4327-93E5-E76A47B483C9}.Debug|iPhoneSimulator.Deploy.0 = Debug|Any CPU
		{A068908B-A36E-4327-93E5-E76A47B483C9}.Release|Any CPU.ActiveCfg = Release|Any CPU
		{A068908B-A36E-4327-93E5-E76A47B483C9}.Release|Any CPU.Build.0 = Release|Any CPU
		{A068908B-A36E-4327-93E5-E76A47B483C9}.Release|Any CPU.Deploy.0 = Release|Any CPU
		{A068908B-A36E-4327-93E5-E76A47B483C9}.Release|iPhone.ActiveCfg = Release|Any CPU
		{A068908B-A36E-4327-93E5-E76A47B483C9}.Release|iPhone.Build.0 = Release|Any CPU
		{A068908B-A36E-4327-93E5-E76A47B483C9}.Release|iPhone.Deploy.0 = Release|Any CPU
		{A068908B-A36E-4327-93E5-E76A47B483C9}.Release|iPhoneSimulator.ActiveCfg = Release|Any CPU
		{A068908B-A36E-4327-93E5-E76A47B483C9}.Release|iPhoneSimulator.Build.0 = Release|Any CPU
		{A068908B-A36E-4327-93E5-E76A47B483C9}.Release|iPhoneSimulator.Deploy.0 = Release|Any CPU
		{E93F5659-683B-46EF-903E-469EC432FFAA}.Debug|Any CPU.ActiveCfg = Debug|iPhoneSimulator
		{E93F5659-683B-46EF-903E-469EC432FFAA}.Debug|Any CPU.Build.0 = Debug|iPhoneSimulator
		{E93F5659-683B-46EF-903E-469EC432FFAA}.Debug|Any CPU.Deploy.0 = Debug|iPhoneSimulator
		{E93F5659-683B-46EF-903E-469EC432FFAA}.Debug|iPhone.ActiveCfg = Debug|iPhone
		{E93F5659-683B-46EF-903E-469EC432FFAA}.Debug|iPhone.Build.0 = Debug|iPhone
		{E93F5659-683B-46EF-903E-469EC432FFAA}.Debug|iPhone.Deploy.0 = Debug|iPhone
		{E93F5659-683B-46EF-903E-469EC432FFAA}.Debug|iPhoneSimulator.ActiveCfg = Debug|iPhoneSimulator
		{E93F5659-683B-46EF-903E-469EC432FFAA}.Debug|iPhoneSimulator.Build.0 = Debug|iPhoneSimulator
		{E93F5659-683B-46EF-903E-469EC432FFAA}.Debug|iPhoneSimulator.Deploy.0 = Debug|iPhoneSimulator
		{E93F5659-683B-46EF-903E-469EC432FFAA}.Release|Any CPU.ActiveCfg = Release|iPhone
		{E93F5659-683B-46EF-903E-469EC432FFAA}.Release|Any CPU.Build.0 = Release|iPhone
		{E93F5659-683B-46EF-903E-469EC432FFAA}.Release|Any CPU.Deploy.0 = Release|iPhone
		{E93F5659-683B-46EF-903E-469EC432FFAA}.Release|iPhone.ActiveCfg = Release|iPhone
		{E93F5659-683B-46EF-903E-469EC432FFAA}.Release|iPhone.Build.0 = Release|iPhone
		{E93F5659-683B-46EF-903E-469EC432FFAA}.Release|iPhone.Deploy.0 = Release|iPhone
		{E93F5659-683B-46EF-903E-469EC432FFAA}.Release|iPhoneSimulator.ActiveCfg = Release|iPhoneSimulator
		{E93F5659-683B-46EF-903E-469EC432FFAA}.Release|iPhoneSimulator.Build.0 = Release|iPhoneSimulator
		{E93F5659-683B-46EF-903E-469EC432FFAA}.Release|iPhoneSimulator.Deploy.0 = Release|iPhoneSimulator
		{D3ED7F7C-08BC-4198-A79B-082F53EE7757}.Debug|Any CPU.ActiveCfg = Debug|Any CPU
		{D3ED7F7C-08BC-4198-A79B-082F53EE7757}.Debug|Any CPU.Build.0 = Debug|Any CPU
		{D3ED7F7C-08BC-4198-A79B-082F53EE7757}.Debug|Any CPU.Deploy.0 = Debug|Any CPU
		{D3ED7F7C-08BC-4198-A79B-082F53EE7757}.Debug|iPhone.ActiveCfg = Debug|Any CPU
		{D3ED7F7C-08BC-4198-A79B-082F53EE7757}.Debug|iPhone.Build.0 = Debug|Any CPU
		{D3ED7F7C-08BC-4198-A79B-082F53EE7757}.Debug|iPhone.Deploy.0 = Debug|Any CPU
		{D3ED7F7C-08BC-4198-A79B-082F53EE7757}.Debug|iPhoneSimulator.ActiveCfg = Debug|Any CPU
		{D3ED7F7C-08BC-4198-A79B-082F53EE7757}.Debug|iPhoneSimulator.Build.0 = Debug|Any CPU
		{D3ED7F7C-08BC-4198-A79B-082F53EE7757}.Debug|iPhoneSimulator.Deploy.0 = Debug|Any CPU
		{D3ED7F7C-08BC-4198-A79B-082F53EE7757}.Release|Any CPU.ActiveCfg = Release|Any CPU
		{D3ED7F7C-08BC-4198-A79B-082F53EE7757}.Release|Any CPU.Build.0 = Release|Any CPU
		{D3ED7F7C-08BC-4198-A79B-082F53EE7757}.Release|Any CPU.Deploy.0 = Release|Any CPU
		{D3ED7F7C-08BC-4198-A79B-082F53EE7757}.Release|iPhone.ActiveCfg = Release|Any CPU
		{D3ED7F7C-08BC-4198-A79B-082F53EE7757}.Release|iPhone.Build.0 = Release|Any CPU
		{D3ED7F7C-08BC-4198-A79B-082F53EE7757}.Release|iPhone.Deploy.0 = Release|Any CPU
		{D3ED7F7C-08BC-4198-A79B-082F53EE7757}.Release|iPhoneSimulator.ActiveCfg = Release|Any CPU
		{D3ED7F7C-08BC-4198-A79B-082F53EE7757}.Release|iPhoneSimulator.Build.0 = Release|Any CPU
		{D3ED7F7C-08BC-4198-A79B-082F53EE7757}.Release|iPhoneSimulator.Deploy.0 = Release|Any CPU
	EndGlobalSection
	GlobalSection(SolutionProperties) = preSolution
		HideSolutionNode = FALSE
	EndGlobalSection
	GlobalSection(ExtensibilityGlobals) = postSolution
		SolutionGuid = {12093B61-9387-4B06-B2A6-CB4612BCAD3B}
	EndGlobalSection
EndGlobal
